<?xml version="1.0" encoding="utf-8"?>
<Project ToolsVersion="4.0" xmlns="http://schemas.microsoft.com/developer/msbuild/2003">
  <ItemGroup>
    <ClCompile Include="..\OpenGL_Stuff\Library\glad.c" />
    <ClCompile Include="ProyectoCG.cpp" />
  </ItemGroup>
  <ItemGroup>
    <ClInclude Include="..\OpenGL_Stuff\include\juego\Estado.h" />
    <ClInclude Include="..\OpenGL_Stuff\include\juego\PerspetivaFrente.h" />
  </ItemGroup>
  <ItemGroup>
    <Image Include="model\avioncito\AILES_baseColor.jpeg" />
    <Image Include="model\avioncito\AMORTIS_baseColor.jpeg" />
    <Image Include="model\avioncito\BAGUE_baseColor.jpeg" />
    <Image Include="model\avioncito\BOMBE_baseColor.jpeg" />
    <Image Include="model\avioncito\CARLINGUE_baseColor.jpeg" />
    <Image Include="model\avioncito\echappement_baseColor.jpeg" />
    <Image Include="model\avioncito\ELICE_baseColor.jpeg" />
    <Image Include="model\avioncito\entourage_MOTEUR_baseColor.jpeg" />
    <Image Include="model\avioncito\PNEU_baseColor.jpeg" />
    <Image Include="model\avioncito\PNEU_normal.png" />
  </ItemGroup>
  <ItemGroup>
    <None Include="model\avioncito\avioncito.mtl" />
  </ItemGroup>
</Project>